// !$*UTF8*$!
{
	archiveVersion = 1;
	classes = {
	};
	objectVersion = 46;
	objects = {

/* Begin PBXBuildFile section */
		CB6C70DD14E21B3A0016D5D7 /* NSSetConciseKitSpec.m in Sources */ = {isa = PBXBuildFile; fileRef = CB6C70DC14E21B3A0016D5D7 /* NSSetConciseKitSpec.m */; };
		E90DAB9D12A66B1D000A36AE /* Foo.m in Sources */ = {isa = PBXBuildFile; fileRef = E90DAB9C12A66B1D000A36AE /* Foo.m */; };
		E90DADE612A6A07A000A36AE /* CKMocks.m in Sources */ = {isa = PBXBuildFile; fileRef = E90DADE512A6A07A000A36AE /* CKMocks.m */; };
		E91C438112985E4F001522E5 /* CedarAdditions.m in Sources */ = {isa = PBXBuildFile; fileRef = E92CB57F1296E1D800BF1922 /* CedarAdditions.m */; };
		E91C438212985E4F001522E5 /* main.m in Sources */ = {isa = PBXBuildFile; fileRef = E91C436912985C8A001522E5 /* main.m */; };
		E91C438312985E4F001522E5 /* ConciseKitSpecsAppDelegate.m in Sources */ = {isa = PBXBuildFile; fileRef = E91C433212985A68001522E5 /* ConciseKitSpecsAppDelegate.m */; };
		E91C438512985E5A001522E5 /* Specs.xib in Resources */ = {isa = PBXBuildFile; fileRef = E91C435D12985BD9001522E5 /* Specs.xib */; };
		E91C43C312985E7D001522E5 /* Cocoa.framework in Frameworks */ = {isa = PBXBuildFile; fileRef = 1058C7A1FEA54F0111CA2CBB /* Cocoa.framework */; };
		E91C43C412985E7D001522E5 /* Cedar.framework in Frameworks */ = {isa = PBXBuildFile; fileRef = E92CB4EC1296DF2B00BF1922 /* Cedar.framework */; };
		E91C43C512985E7D001522E5 /* OCHamcrest.framework in Frameworks */ = {isa = PBXBuildFile; fileRef = E92CB4EE1296DF2B00BF1922 /* OCHamcrest.framework */; };
		E91C43C612985E7D001522E5 /* OCMock.framework in Frameworks */ = {isa = PBXBuildFile; fileRef = E92CB4F01296DF2B00BF1922 /* OCMock.framework */; };
		E925015812D92E250018D373 /* NSDictionaryConciseKitSpec.m in Sources */ = {isa = PBXBuildFile; fileRef = E925015712D92E250018D373 /* NSDictionaryConciseKitSpec.m */; };
		E965CE8C12A17FC400416CDF /* LICENSE in Resources */ = {isa = PBXBuildFile; fileRef = E965CE8A12A17FC400416CDF /* LICENSE */; };
		E965CE9412A1805800416CDF /* NSArrayConciseKitSpec.m in Sources */ = {isa = PBXBuildFile; fileRef = E965CE9312A1805800416CDF /* NSArrayConciseKitSpec.m */; };
		E965CFC212A18A5000416CDF /* ConciseKitSpec.m in Sources */ = {isa = PBXBuildFile; fileRef = E965CFC112A18A5000416CDF /* ConciseKitSpec.m */; };
		E9692C2612B4B4FF00520396 /* NSStringConciseKitSpec.m in Sources */ = {isa = PBXBuildFile; fileRef = E9692C2512B4B4FF00520396 /* NSStringConciseKitSpec.m */; };
		E9B778E414BA583600D8DC76 /* ConciseKit.m in Sources */ = {isa = PBXBuildFile; fileRef = E9B778DD14BA583600D8DC76 /* ConciseKit.m */; };
		E9B778E514BA583600D8DC76 /* NSArray+ConciseKit.m in Sources */ = {isa = PBXBuildFile; fileRef = E9B778DF14BA583600D8DC76 /* NSArray+ConciseKit.m */; };
		E9B778E614BA583600D8DC76 /* NSDictionary+ConciseKit.m in Sources */ = {isa = PBXBuildFile; fileRef = E9B778E114BA583600D8DC76 /* NSDictionary+ConciseKit.m */; };
		E9B778E714BA583600D8DC76 /* NSString+ConciseKit.m in Sources */ = {isa = PBXBuildFile; fileRef = E9B778E314BA583600D8DC76 /* NSString+ConciseKit.m */; };
		E9E4CF061298753B0093F83D /* Cedar.framework in CopyFiles */ = {isa = PBXBuildFile; fileRef = E92CB4EC1296DF2B00BF1922 /* Cedar.framework */; };
		E9E4CF071298753B0093F83D /* OCHamcrest.framework in CopyFiles */ = {isa = PBXBuildFile; fileRef = E92CB4EE1296DF2B00BF1922 /* OCHamcrest.framework */; };
		E9E4CF081298753B0093F83D /* OCMock.framework in CopyFiles */ = {isa = PBXBuildFile; fileRef = E92CB4F01296DF2B00BF1922 /* OCMock.framework */; };
/* End PBXBuildFile section */

/* Begin PBXCopyFilesBuildPhase section */
		E9E4CF32129875740093F83D /* CopyFiles */ = {
			isa = PBXCopyFilesBuildPhase;
			buildActionMask = 2147483647;
			dstPath = "";
			dstSubfolderSpec = 10;
			files = (
				E9E4CF061298753B0093F83D /* Cedar.framework in CopyFiles */,
				E9E4CF071298753B0093F83D /* OCHamcrest.framework in CopyFiles */,
				E9E4CF081298753B0093F83D /* OCMock.framework in CopyFiles */,
			);
			runOnlyForDeploymentPostprocessing = 0;
		};
/* End PBXCopyFilesBuildPhase section */

/* Begin PBXFileReference section */
		1058C7A1FEA54F0111CA2CBB /* Cocoa.framework */ = {isa = PBXFileReference; lastKnownFileType = wrapper.framework; name = Cocoa.framework; path = /System/Library/Frameworks/Cocoa.framework; sourceTree = "<absolute>"; };
		13E42FB307B3F0F600E4EEF1 /* CoreData.framework */ = {isa = PBXFileReference; lastKnownFileType = wrapper.framework; name = CoreData.framework; path = /System/Library/Frameworks/CoreData.framework; sourceTree = "<absolute>"; };
		29B97324FDCFA39411CA2CEA /* AppKit.framework */ = {isa = PBXFileReference; lastKnownFileType = wrapper.framework; name = AppKit.framework; path = /System/Library/Frameworks/AppKit.framework; sourceTree = "<absolute>"; };
		29B97325FDCFA39411CA2CEA /* Foundation.framework */ = {isa = PBXFileReference; lastKnownFileType = wrapper.framework; name = Foundation.framework; path = /System/Library/Frameworks/Foundation.framework; sourceTree = "<absolute>"; };
		CB6C70DC14E21B3A0016D5D7 /* NSSetConciseKitSpec.m */ = {isa = PBXFileReference; fileEncoding = 4; lastKnownFileType = sourcecode.c.objc; path = NSSetConciseKitSpec.m; sourceTree = "<group>"; };
		E90DAB9B12A66B1D000A36AE /* Foo.h */ = {isa = PBXFileReference; fileEncoding = 4; lastKnownFileType = sourcecode.c.h; path = Foo.h; sourceTree = "<group>"; };
		E90DAB9C12A66B1D000A36AE /* Foo.m */ = {isa = PBXFileReference; fileEncoding = 4; lastKnownFileType = sourcecode.c.objc; path = Foo.m; sourceTree = "<group>"; };
		E90DADE412A6A07A000A36AE /* CKMocks.h */ = {isa = PBXFileReference; fileEncoding = 4; lastKnownFileType = sourcecode.c.h; path = CKMocks.h; sourceTree = "<group>"; };
		E90DADE512A6A07A000A36AE /* CKMocks.m */ = {isa = PBXFileReference; fileEncoding = 4; lastKnownFileType = sourcecode.c.objc; path = CKMocks.m; sourceTree = "<group>"; };
		E91C433212985A68001522E5 /* ConciseKitSpecsAppDelegate.m */ = {isa = PBXFileReference; fileEncoding = 4; lastKnownFileType = sourcecode.c.objc; path = ConciseKitSpecsAppDelegate.m; sourceTree = "<group>"; };
		E91C435B12985B77001522E5 /* ConciseKitSpecs-Info.plist */ = {isa = PBXFileReference; fileEncoding = 4; lastKnownFileType = text.plist.xml; path = "ConciseKitSpecs-Info.plist"; sourceTree = "<group>"; };
		E91C435D12985BD9001522E5 /* Specs.xib */ = {isa = PBXFileReference; lastKnownFileType = file.xib; path = Specs.xib; sourceTree = "<group>"; };
		E91C436912985C8A001522E5 /* main.m */ = {isa = PBXFileReference; fileEncoding = 4; lastKnownFileType = sourcecode.c.objc; path = main.m; sourceTree = "<group>"; };
		E91C437B12985DDD001522E5 /* ConciseKitSpecs.app */ = {isa = PBXFileReference; explicitFileType = wrapper.application; includeInIndex = 0; path = ConciseKitSpecs.app; sourceTree = BUILT_PRODUCTS_DIR; };
		E925015712D92E250018D373 /* NSDictionaryConciseKitSpec.m */ = {isa = PBXFileReference; fileEncoding = 4; lastKnownFileType = sourcecode.c.objc; path = NSDictionaryConciseKitSpec.m; sourceTree = "<group>"; };
		E92CB4EC1296DF2B00BF1922 /* Cedar.framework */ = {isa = PBXFileReference; lastKnownFileType = wrapper.framework; path = Cedar.framework; sourceTree = "<group>"; };
		E92CB4EE1296DF2B00BF1922 /* OCHamcrest.framework */ = {isa = PBXFileReference; lastKnownFileType = wrapper.framework; path = OCHamcrest.framework; sourceTree = "<group>"; };
		E92CB4F01296DF2B00BF1922 /* OCMock.framework */ = {isa = PBXFileReference; lastKnownFileType = wrapper.framework; path = OCMock.framework; sourceTree = "<group>"; };
		E92CB55C1296E0E600BF1922 /* SpecHelper.h */ = {isa = PBXFileReference; fileEncoding = 4; lastKnownFileType = sourcecode.c.h; path = SpecHelper.h; sourceTree = "<group>"; };
		E92CB57E1296E1D800BF1922 /* CedarAdditions.h */ = {isa = PBXFileReference; fileEncoding = 4; lastKnownFileType = sourcecode.c.h; path = CedarAdditions.h; sourceTree = "<group>"; };
		E92CB57F1296E1D800BF1922 /* CedarAdditions.m */ = {isa = PBXFileReference; fileEncoding = 4; lastKnownFileType = sourcecode.c.objc; path = CedarAdditions.m; sourceTree = "<group>"; };
		E965CE8A12A17FC400416CDF /* LICENSE */ = {isa = PBXFileReference; fileEncoding = 4; lastKnownFileType = text; name = LICENSE; path = ../LICENSE; sourceTree = "<group>"; };
		E965CE9312A1805800416CDF /* NSArrayConciseKitSpec.m */ = {isa = PBXFileReference; fileEncoding = 4; lastKnownFileType = sourcecode.c.objc; path = NSArrayConciseKitSpec.m; sourceTree = "<group>"; };
		E965CFC112A18A5000416CDF /* ConciseKitSpec.m */ = {isa = PBXFileReference; fileEncoding = 4; lastKnownFileType = sourcecode.c.objc; path = ConciseKitSpec.m; sourceTree = "<group>"; };
		E9692C2512B4B4FF00520396 /* NSStringConciseKitSpec.m */ = {isa = PBXFileReference; fileEncoding = 4; lastKnownFileType = sourcecode.c.objc; path = NSStringConciseKitSpec.m; sourceTree = "<group>"; };
		E9B778D914BA583600D8DC76 /* CKAdditions.h */ = {isa = PBXFileReference; fileEncoding = 4; lastKnownFileType = sourcecode.c.h; path = CKAdditions.h; sourceTree = "<group>"; };
		E9B778DA14BA583600D8DC76 /* CKMacros.h */ = {isa = PBXFileReference; fileEncoding = 4; lastKnownFileType = sourcecode.c.h; path = CKMacros.h; sourceTree = "<group>"; };
		E9B778DB14BA583600D8DC76 /* CKSingleton.h */ = {isa = PBXFileReference; fileEncoding = 4; lastKnownFileType = sourcecode.c.h; path = CKSingleton.h; sourceTree = "<group>"; };
		E9B778DC14BA583600D8DC76 /* ConciseKit.h */ = {isa = PBXFileReference; fileEncoding = 4; lastKnownFileType = sourcecode.c.h; path = ConciseKit.h; sourceTree = "<group>"; };
		E9B778DD14BA583600D8DC76 /* ConciseKit.m */ = {isa = PBXFileReference; fileEncoding = 4; lastKnownFileType = sourcecode.c.objc; path = ConciseKit.m; sourceTree = "<group>"; };
		E9B778DE14BA583600D8DC76 /* NSArray+ConciseKit.h */ = {isa = PBXFileReference; fileEncoding = 4; lastKnownFileType = sourcecode.c.h; path = "NSArray+ConciseKit.h"; sourceTree = "<group>"; };
		E9B778DF14BA583600D8DC76 /* NSArray+ConciseKit.m */ = {isa = PBXFileReference; fileEncoding = 4; lastKnownFileType = sourcecode.c.objc; path = "NSArray+ConciseKit.m"; sourceTree = "<group>"; };
		E9B778E014BA583600D8DC76 /* NSDictionary+ConciseKit.h */ = {isa = PBXFileReference; fileEncoding = 4; lastKnownFileType = sourcecode.c.h; path = "NSDictionary+ConciseKit.h"; sourceTree = "<group>"; };
		E9B778E114BA583600D8DC76 /* NSDictionary+ConciseKit.m */ = {isa = PBXFileReference; fileEncoding = 4; lastKnownFileType = sourcecode.c.objc; path = "NSDictionary+ConciseKit.m"; sourceTree = "<group>"; };
		E9B778E214BA583600D8DC76 /* NSString+ConciseKit.h */ = {isa = PBXFileReference; fileEncoding = 4; lastKnownFileType = sourcecode.c.h; path = "NSString+ConciseKit.h"; sourceTree = "<group>"; };
		E9B778E314BA583600D8DC76 /* NSString+ConciseKit.m */ = {isa = PBXFileReference; fileEncoding = 4; lastKnownFileType = sourcecode.c.objc; path = "NSString+ConciseKit.m"; sourceTree = "<group>"; };
		E9B778E814BA586F00D8DC76 /* README.md */ = {isa = PBXFileReference; lastKnownFileType = text; path = README.md; sourceTree = "<group>"; };
/* End PBXFileReference section */

/* Begin PBXFrameworksBuildPhase section */
		E91C437912985DDD001522E5 /* Frameworks */ = {
			isa = PBXFrameworksBuildPhase;
			buildActionMask = 2147483647;
			files = (
				E91C43C312985E7D001522E5 /* Cocoa.framework in Frameworks */,
				E91C43C412985E7D001522E5 /* Cedar.framework in Frameworks */,
				E91C43C512985E7D001522E5 /* OCHamcrest.framework in Frameworks */,
				E91C43C612985E7D001522E5 /* OCMock.framework in Frameworks */,
			);
			runOnlyForDeploymentPostprocessing = 0;
		};
/* End PBXFrameworksBuildPhase section */

/* Begin PBXGroup section */
		19C28FACFE9D520D11CA2CBB /* Products */ = {
			isa = PBXGroup;
			children = (
				E91C437B12985DDD001522E5 /* ConciseKitSpecs.app */,
			);
			name = Products;
			sourceTree = "<group>";
		};
		29B97314FDCFA39411CA2CEA /* ConciseKit */ = {
			isa = PBXGroup;
			children = (
				E9B778E814BA586F00D8DC76 /* README.md */,
				E965CE8A12A17FC400416CDF /* LICENSE */,
				E9B778D814BA583500D8DC76 /* src */,
				E92CB3401296DC6100BF1922 /* Spec */,
				29B97323FDCFA39411CA2CEA /* Frameworks */,
				19C28FACFE9D520D11CA2CBB /* Products */,
			);
			name = ConciseKit;
			sourceTree = "<group>";
		};
		29B97323FDCFA39411CA2CEA /* Frameworks */ = {
			isa = PBXGroup;
			children = (
				1058C7A1FEA54F0111CA2CBB /* Cocoa.framework */,
				29B97324FDCFA39411CA2CEA /* AppKit.framework */,
				13E42FB307B3F0F600E4EEF1 /* CoreData.framework */,
				29B97325FDCFA39411CA2CEA /* Foundation.framework */,
				E92CB4EC1296DF2B00BF1922 /* Cedar.framework */,
				E92CB4EE1296DF2B00BF1922 /* OCHamcrest.framework */,
				E92CB4F01296DF2B00BF1922 /* OCMock.framework */,
			);
			path = Frameworks;
			sourceTree = "<group>";
		};
		E90DAB9012A66AC3000A36AE /* Fixtures */ = {
			isa = PBXGroup;
			children = (
				E90DAB9B12A66B1D000A36AE /* Foo.h */,
				E90DAB9C12A66B1D000A36AE /* Foo.m */,
				E90DADE412A6A07A000A36AE /* CKMocks.h */,
				E90DADE512A6A07A000A36AE /* CKMocks.m */,
			);
			path = Fixtures;
			sourceTree = "<group>";
		};
		E92CB3401296DC6100BF1922 /* Spec */ = {
			isa = PBXGroup;
			children = (
				E90DAB9012A66AC3000A36AE /* Fixtures */,
				E92CB3441296DCAC00BF1922 /* Support */,
				E965CFC112A18A5000416CDF /* ConciseKitSpec.m */,
				E965CE9312A1805800416CDF /* NSArrayConciseKitSpec.m */,
				CB6C70DC14E21B3A0016D5D7 /* NSSetConciseKitSpec.m */,
				E925015712D92E250018D373 /* NSDictionaryConciseKitSpec.m */,
				E9692C2512B4B4FF00520396 /* NSStringConciseKitSpec.m */,
			);
			path = Spec;
			sourceTree = "<group>";
		};
		E92CB3441296DCAC00BF1922 /* Support */ = {
			isa = PBXGroup;
			children = (
				E92CB55C1296E0E600BF1922 /* SpecHelper.h */,
				E92CB57E1296E1D800BF1922 /* CedarAdditions.h */,
				E92CB57F1296E1D800BF1922 /* CedarAdditions.m */,
				E91C436912985C8A001522E5 /* main.m */,
				E91C433212985A68001522E5 /* ConciseKitSpecsAppDelegate.m */,
				E91C435B12985B77001522E5 /* ConciseKitSpecs-Info.plist */,
				E91C435D12985BD9001522E5 /* Specs.xib */,
			);
			path = Support;
			sourceTree = "<group>";
		};
		E9B778D814BA583500D8DC76 /* src */ = {
			isa = PBXGroup;
			children = (
				E9B778D914BA583600D8DC76 /* CKAdditions.h */,
				E9B778DA14BA583600D8DC76 /* CKMacros.h */,
				E9B778DB14BA583600D8DC76 /* CKSingleton.h */,
				E9B778DC14BA583600D8DC76 /* ConciseKit.h */,
				E9B778DD14BA583600D8DC76 /* ConciseKit.m */,
				E9B778DE14BA583600D8DC76 /* NSArray+ConciseKit.h */,
				E9B778DF14BA583600D8DC76 /* NSArray+ConciseKit.m */,
				E9B778E014BA583600D8DC76 /* NSDictionary+ConciseKit.h */,
				E9B778E114BA583600D8DC76 /* NSDictionary+ConciseKit.m */,
				E9B778E214BA583600D8DC76 /* NSString+ConciseKit.h */,
				E9B778E314BA583600D8DC76 /* NSString+ConciseKit.m */,
			);
			path = src;
			sourceTree = "<group>";
		};
/* End PBXGroup section */

/* Begin PBXNativeTarget section */
		E91C437A12985DDD001522E5 /* ConciseKitSpecs */ = {
			isa = PBXNativeTarget;
			buildConfigurationList = E91C438012985DDE001522E5 /* Build configuration list for PBXNativeTarget "ConciseKitSpecs" */;
			buildPhases = (
				E9E4CF32129875740093F83D /* CopyFiles */,
				E91C437712985DDD001522E5 /* Resources */,
				E91C437812985DDD001522E5 /* Sources */,
				E91C437912985DDD001522E5 /* Frameworks */,
			);
			buildRules = (
			);
			dependencies = (
			);
			name = ConciseKitSpecs;
			productName = ConciseKitSpecs;
			productReference = E91C437B12985DDD001522E5 /* ConciseKitSpecs.app */;
			productType = "com.apple.product-type.application";
		};
/* End PBXNativeTarget section */

/* Begin PBXProject section */
		29B97313FDCFA39411CA2CEA /* Project object */ = {
			isa = PBXProject;
			attributes = {
				LastUpgradeCheck = 0420;
			};
			buildConfigurationList = C01FCF4E08A954540054247B /* Build configuration list for PBXProject "ConciseKitSpecs" */;
			compatibilityVersion = "Xcode 3.2";
			developmentRegion = English;
			hasScannedForEncodings = 1;
			knownRegions = (
				English,
				Japanese,
				French,
				German,
			);
			mainGroup = 29B97314FDCFA39411CA2CEA /* ConciseKit */;
			projectDirPath = "";
			projectRoot = "";
			targets = (
				E91C437A12985DDD001522E5 /* ConciseKitSpecs */,
			);
		};
/* End PBXProject section */

/* Begin PBXResourcesBuildPhase section */
		E91C437712985DDD001522E5 /* Resources */ = {
			isa = PBXResourcesBuildPhase;
			buildActionMask = 2147483647;
			files = (
				E91C438512985E5A001522E5 /* Specs.xib in Resources */,
				E965CE8C12A17FC400416CDF /* LICENSE in Resources */,
			);
			runOnlyForDeploymentPostprocessing = 0;
		};
/* End PBXResourcesBuildPhase section */

/* Begin PBXSourcesBuildPhase section */
		E91C437812985DDD001522E5 /* Sources */ = {
			isa = PBXSourcesBuildPhase;
			buildActionMask = 2147483647;
			files = (
				E91C438112985E4F001522E5 /* CedarAdditions.m in Sources */,
				E91C438212985E4F001522E5 /* main.m in Sources */,
				E91C438312985E4F001522E5 /* ConciseKitSpecsAppDelegate.m in Sources */,
				E965CE9412A1805800416CDF /* NSArrayConciseKitSpec.m in Sources */,
				E965CFC212A18A5000416CDF /* ConciseKitSpec.m in Sources */,
				E90DAB9D12A66B1D000A36AE /* Foo.m in Sources */,
				E90DADE612A6A07A000A36AE /* CKMocks.m in Sources */,
				E9692C2612B4B4FF00520396 /* NSStringConciseKitSpec.m in Sources */,
				E925015812D92E250018D373 /* NSDictionaryConciseKitSpec.m in Sources */,
				E9B778E414BA583600D8DC76 /* ConciseKit.m in Sources */,
				E9B778E514BA583600D8DC76 /* NSArray+ConciseKit.m in Sources */,
				E9B778E614BA583600D8DC76 /* NSDictionary+ConciseKit.m in Sources */,
				E9B778E714BA583600D8DC76 /* NSString+ConciseKit.m in Sources */,
				CB6C70DD14E21B3A0016D5D7 /* NSSetConciseKitSpec.m in Sources */,
			);
			runOnlyForDeploymentPostprocessing = 0;
		};
/* End PBXSourcesBuildPhase section */

/* Begin XCBuildConfiguration section */
		C01FCF4F08A954540054247B /* Debug */ = {
			isa = XCBuildConfiguration;
			buildSettings = {
				ARCHS = "$(ARCHS_STANDARD_32_64_BIT)";
				GCC_C_LANGUAGE_STANDARD = gnu99;
				GCC_ENABLE_OBJC_GC = supported;
				GCC_OPTIMIZATION_LEVEL = 0;
				GCC_TREAT_WARNINGS_AS_ERRORS = YES;
				GCC_WARN_ABOUT_RETURN_TYPE = YES;
				GCC_WARN_UNUSED_VARIABLE = YES;
				ONLY_ACTIVE_ARCH = YES;
				SDKROOT = macosx;
			};
			name = Debug;
		};
		C01FCF5008A954540054247B /* Release */ = {
			isa = XCBuildConfiguration;
			buildSettings = {
				ARCHS = "$(ARCHS_STANDARD_32_64_BIT)";
				GCC_C_LANGUAGE_STANDARD = gnu99;
				GCC_ENABLE_OBJC_GC = supported;
				GCC_TREAT_WARNINGS_AS_ERRORS = YES;
				GCC_WARN_ABOUT_RETURN_TYPE = YES;
				GCC_WARN_UNUSED_VARIABLE = YES;
				SDKROOT = macosx;
			};
			name = Release;
		};
		E91C437E12985DDD001522E5 /* Debug */ = {
			isa = XCBuildConfiguration;
			buildSettings = {
				ALWAYS_SEARCH_USER_PATHS = NO;
				ARCHS = "$(NATIVE_ARCH_ACTUAL)";
				COPY_PHASE_STRIP = NO;
				FRAMEWORK_SEARCH_PATHS = (
					"$(inherited)",
					"\"$(SRCROOT)/Frameworks\"",
				);
				GCC_DYNAMIC_NO_PIC = NO;
				GCC_MODEL_TUNING = G5;
				GCC_OPTIMIZATION_LEVEL = 0;
				GCC_PRECOMPILE_PREFIX_HEADER = YES;
				GCC_PREFIX_HEADER = "$(SYSTEM_LIBRARY_DIR)/Frameworks/AppKit.framework/Headers/AppKit.h";
				INFOPLIST_FILE = "Spec/Support/ConciseKitSpecs-Info.plist";
				INSTALL_PATH = "$(HOME)/Applications";
				PRODUCT_NAME = ConciseKitSpecs;
			};
			name = Debug;
		};
		E91C437F12985DDD001522E5 /* Release */ = {
			isa = XCBuildConfiguration;
			buildSettings = {
				ALWAYS_SEARCH_USER_PATHS = NO;
				ARCHS = "$(NATIVE_ARCH_ACTUAL)";
				COPY_PHASE_STRIP = YES;
				DEBUG_INFORMATION_FORMAT = "dwarf-with-dsym";
				FRAMEWORK_SEARCH_PATHS = (
					"$(inherited)",
					"\"$(SRCROOT)/Frameworks\"",
				);
				GCC_MODEL_TUNING = G5;
				GCC_PRECOMPILE_PREFIX_HEADER = YES;
				GCC_PREFIX_HEADER = "$(SYSTEM_LIBRARY_DIR)/Frameworks/AppKit.framework/Headers/AppKit.h";
				INFOPLIST_FILE = "Spec/Support/ConciseKitSpecs-Info.plist";
				INSTALL_PATH = "$(HOME)/Applications";
				PRODUCT_NAME = ConciseKitSpecs;
				ZERO_LINK = NO;
			};
			name = Release;
		};
/* End XCBuildConfiguration section */

/* Begin XCConfigurationList section */
		C01FCF4E08A954540054247B /* Build configuration list for PBXProject "ConciseKitSpecs" */ = {
			isa = XCConfigurationList;
			buildConfigurations = (
				C01FCF4F08A954540054247B /* Debug */,
				C01FCF5008A954540054247B /* Release */,
			);
			defaultConfigurationIsVisible = 0;
			defaultConfigurationName = Release;
		};
		E91C438012985DDE001522E5 /* Build configuration list for PBXNativeTarget "ConciseKitSpecs" */ = {
			isa = XCConfigurationList;
			buildConfigurations = (
				E91C437E12985DDD001522E5 /* Debug */,
				E91C437F12985DDD001522E5 /* Release */,
			);
			defaultConfigurationIsVisible = 0;
			defaultConfigurationName = Release;
		};
/* End XCConfigurationList section */
	};
	rootObject = 29B97313FDCFA39411CA2CEA /* Project object */;
}
